
Microsoft Visual Studio Solution File, Format Version 12.00
# Visual Studio 2015
Project("{FAE04EC0-301F-11D3-BF4B-00C04F79EFBC}") = "RPGForBlindness.CSharp", "RPGForBlindness.CSharp.csproj", "{2917F61A-570E-047F-D6C7-8EE22D668DEF}"
EndProject
Global
	GlobalSection(SolutionConfigurationPlatforms) = preSolution
		Debug|Any CPU = Debug|Any CPU
		Release|Any CPU = Release|Any CPU
	EndGlobalSection
	GlobalSection(ProjectConfigurationPlatforms) = postSolution
		{2917F61A-570E-047F-D6C7-8EE22D668DEF}.Debug|Any CPU.ActiveCfg = Debug|Any CPU
		{2917F61A-570E-047F-D6C7-8EE22D668DEF}.Debug|Any CPU.Build.0 = Debug|Any CPU
		{2917F61A-570E-047F-D6C7-8EE22D668DEF}.Release|Any CPU.ActiveCfg = Release|Any CPU
		{2917F61A-570E-047F-D6C7-8EE22D668DEF}.Release|Any CPU.Build.0 = Release|Any CPU
	EndGlobalSection
	GlobalSection(SolutionProperties) = preSolution
		HideSolutionNode = FALSE
	EndGlobalSection
EndGlobal
